
Microsoft Visual Studio Solution File, Format Version 12.00
# Visual Studio 2012
Project("{8BC9CEB8-8B4A-11D0-8D11-00A0C91BC942}") = "TextBuddy2", "Text Buddy 2\Text Buddy 2.vcxproj", "{957C07CF-BEFA-4A62-BA8D-BA1A485B004B}"
EndProject
Project("{8BC9CEB8-8B4A-11D0-8D11-00A0C91BC942}") = "UnitTest1", "UnitTest1\UnitTest1.vcxproj", "{490C3E09-3988-4C46-B1DE-C156DD197636}"
EndProject
Project("{8BC9CEB8-8B4A-11D0-8D11-00A0C91BC942}") = "UnitTest2", "UnitTest2\UnitTest2.vcxproj", "{47969875-05C1-4397-A2E8-366FABE2762B}"
EndProject
Global
	GlobalSection(SolutionConfigurationPlatforms) = preSolution
		Debug|Win32 = Debug|Win32
		Release|Win32 = Release|Win32
	EndGlobalSection
	GlobalSection(ProjectConfigurationPlatforms) = postSolution
		{957C07CF-BEFA-4A62-BA8D-BA1A485B004B}.Debug|Win32.ActiveCfg = Debug|Win32
		{957C07CF-BEFA-4A62-BA8D-BA1A485B004B}.Debug|Win32.Build.0 = Debug|Win32
		{957C07CF-BEFA-4A62-BA8D-BA1A485B004B}.Release|Win32.ActiveCfg = Release|Win32
		{957C07CF-BEFA-4A62-BA8D-BA1A485B004B}.Release|Win32.Build.0 = Release|Win32
		{490C3E09-3988-4C46-B1DE-C156DD197636}.Debug|Win32.ActiveCfg = Debug|Win32
		{490C3E09-3988-4C46-B1DE-C156DD197636}.Debug|Win32.Build.0 = Debug|Win32
		{490C3E09-3988-4C46-B1DE-C156DD197636}.Release|Win32.ActiveCfg = Release|Win32
		{490C3E09-3988-4C46-B1DE-C156DD197636}.Release|Win32.Build.0 = Release|Win32
		{47969875-05C1-4397-A2E8-366FABE2762B}.Debug|Win32.ActiveCfg = Debug|Win32
		{47969875-05C1-4397-A2E8-366FABE2762B}.Debug|Win32.Build.0 = Debug|Win32
		{47969875-05C1-4397-A2E8-366FABE2762B}.Release|Win32.ActiveCfg = Release|Win32
		{47969875-05C1-4397-A2E8-366FABE2762B}.Release|Win32.Build.0 = Release|Win32
	EndGlobalSection
	GlobalSection(SolutionProperties) = preSolution
		HideSolutionNode = FALSE
	EndGlobalSection
EndGlobal
